
Microsoft Visual Studio Solution File, Format Version 12.00
# Visual Studio 14
VisualStudioVersion = 14.0.25420.1
MinimumVisualStudioVersion = 10.0.40219.1
Project("{FAE04EC0-301F-11D3-BF4B-00C04F79EFBC}") = "Server_Shefer", "Server_Shefer\Server_Shefer.csproj", "{799EE72A-B85F-47CE-ADED-6171685756D1}"
EndProject
Project("{FAE04EC0-301F-11D3-BF4B-00C04F79EFBC}") = "Server_Shefer.Tests", "Server_Shefer.Tests\Server_Shefer.Tests.csproj", "{FA629F30-34D3-4F0D-B525-8E58957D069A}"
EndProject
Global
	GlobalSection(SolutionConfigurationPlatforms) = preSolution
		Debug|Any CPU = Debug|Any CPU
		Release|Any CPU = Release|Any CPU
	EndGlobalSection
	GlobalSection(ProjectConfigurationPlatforms) = postSolution
		{799EE72A-B85F-47CE-ADED-6171685756D1}.Debug|Any CPU.ActiveCfg = Debug|Any CPU
		{799EE72A-B85F-47CE-ADED-6171685756D1}.Debug|Any CPU.Build.0 = Debug|Any CPU
		{799EE72A-B85F-47CE-ADED-6171685756D1}.Release|Any CPU.ActiveCfg = Release|Any CPU
		{799EE72A-B85F-47CE-ADED-6171685756D1}.Release|Any CPU.Build.0 = Release|Any CPU
		{FA629F30-34D3-4F0D-B525-8E58957D069A}.Debug|Any CPU.ActiveCfg = Debug|Any CPU
		{FA629F30-34D3-4F0D-B525-8E58957D069A}.Debug|Any CPU.Build.0 = Debug|Any CPU
		{FA629F30-34D3-4F0D-B525-8E58957D069A}.Release|Any CPU.ActiveCfg = Release|Any CPU
		{FA629F30-34D3-4F0D-B525-8E58957D069A}.Release|Any CPU.Build.0 = Release|Any CPU
	EndGlobalSection
	GlobalSection(SolutionProperties) = preSolution
		HideSolutionNode = FALSE
	EndGlobalSection
EndGlobal
